
Microsoft Visual Studio Solution File, Format Version 12.00
# Visual Studio Version 16
VisualStudioVersion = 16.0.29911.84
MinimumVisualStudioVersion = 10.0.40219.1
Project("{FAE04EC0-301F-11D3-BF4B-00C04F79EFBC}") = "ShowIp", "ShowIp\ShowIp.csproj", "{90C04E42-780C-4776-87CD-8C2E75097A45}"
EndProject
Project("{FAE04EC0-301F-11D3-BF4B-00C04F79EFBC}") = "Updater", "Updater\Updater.csproj", "{8379BAD9-EEB1-4F4B-8602-EFC09B56B759}"
EndProject
Global
	GlobalSection(SolutionConfigurationPlatforms) = preSolution
		Debug|Any CPU = Debug|Any CPU
		Release|Any CPU = Release|Any CPU
	EndGlobalSection
	GlobalSection(ProjectConfigurationPlatforms) = postSolution
		{90C04E42-780C-4776-87CD-8C2E75097A45}.Debug|Any CPU.ActiveCfg = Debug|Any CPU
		{90C04E42-780C-4776-87CD-8C2E75097A45}.Debug|Any CPU.Build.0 = Debug|Any CPU
		{90C04E42-780C-4776-87CD-8C2E75097A45}.Release|Any CPU.ActiveCfg = Release|Any CPU
		{90C04E42-780C-4776-87CD-8C2E75097A45}.Release|Any CPU.Build.0 = Release|Any CPU
		{8379BAD9-EEB1-4F4B-8602-EFC09B56B759}.Debug|Any CPU.ActiveCfg = Debug|Any CPU
		{8379BAD9-EEB1-4F4B-8602-EFC09B56B759}.Debug|Any CPU.Build.0 = Debug|Any CPU
		{8379BAD9-EEB1-4F4B-8602-EFC09B56B759}.Release|Any CPU.ActiveCfg = Release|Any CPU
		{8379BAD9-EEB1-4F4B-8602-EFC09B56B759}.Release|Any CPU.Build.0 = Release|Any CPU
	EndGlobalSection
	GlobalSection(SolutionProperties) = preSolution
		HideSolutionNode = FALSE
	EndGlobalSection
	GlobalSection(ExtensibilityGlobals) = postSolution
		SolutionGuid = {70F40E23-DAA2-4FA1-ABC8-F2C27929333D}
	EndGlobalSection
EndGlobal
